Microsoft Visual Studio Solution File, Format Version 12.00
# Visual Studio Version 17
VisualStudioVersion = 17.3.32929.385
MinimumVisualStudioVersion = 10.0.40219.1
Project("{2150E333-8FDC-42A3-9474-1A3956D46DE8}") = "Application", "Application", "{8C6493EA-BD32-4D3B-B601-6F0FF9DF328F}"
EndProject
Project("{9A19103F-16F7-4668-BE54-9A1E7A4F7556}") = "BankAppAuthAPI", "src\Auth\BankAppAuthAPI\BankAppAuthAPI.csproj", "{8AC778E4-CAD8-4484-898A-D327FBE7AEF6}"
EndProject
Project("{2150E333-8FDC-42A3-9474-1A3956D46DE8}") = "Domain", "Domain", "{23481038-29E3-449A-A0D7-36B8310A00CF}"
EndProject
Project("{9A19103F-16F7-4668-BE54-9A1E7A4F7556}") = "BankAppPaymentAPI", "src\Payment\BankAppPaymentAPI\BankAppPaymentAPI.csproj", "{C0F647AA-4483-4DBE-A5F4-68C62D5B67AB}"
EndProject
Global
	GlobalSection(SolutionConfigurationPlatforms) = preSolution
		Debug|Any CPU = Debug|Any CPU
		Release|Any CPU = Release|Any CPU
	EndGlobalSection
	GlobalSection(ProjectConfigurationPlatforms) = postSolution
		{8AC778E4-CAD8-4484-898A-D327FBE7AEF6}.Debug|Any CPU.ActiveCfg = Debug|Any CPU
		{8AC778E4-CAD8-4484-898A-D327FBE7AEF6}.Debug|Any CPU.Build.0 = Debug|Any CPU
		{8AC778E4-CAD8-4484-898A-D327FBE7AEF6}.Release|Any CPU.ActiveCfg = Release|Any CPU
		{8AC778E4-CAD8-4484-898A-D327FBE7AEF6}.Release|Any CPU.Build.0 = Release|Any CPU
		{C0F647AA-4483-4DBE-A5F4-68C62D5B67AB}.Debug|Any CPU.ActiveCfg = Debug|Any CPU
		{C0F647AA-4483-4DBE-A5F4-68C62D5B67AB}.Debug|Any CPU.Build.0 = Debug|Any CPU
		{C0F647AA-4483-4DBE-A5F4-68C62D5B67AB}.Release|Any CPU.ActiveCfg = Release|Any CPU
		{C0F647AA-4483-4DBE-A5F4-68C62D5B67AB}.Release|Any CPU.Build.0 = Release|Any CPU
	EndGlobalSection
	GlobalSection(SolutionProperties) = preSolution
		HideSolutionNode = FALSE
	EndGlobalSection
	GlobalSection(NestedProjects) = preSolution
		{8AC778E4-CAD8-4484-898A-D327FBE7AEF6} = {8C6493EA-BD32-4D3B-B601-6F0FF9DF328F}
		{C0F647AA-4483-4DBE-A5F4-68C62D5B67AB} = {8C6493EA-BD32-4D3B-B601-6F0FF9DF328F}
	EndGlobalSection
	GlobalSection(ExtensibilityGlobals) = postSolution
		SolutionGuid = {07C07D7A-D2B7-45FC-BD4E-D438CBEC3BB4}
	EndGlobalSection
EndGlobal
